
Microsoft Visual Studio Solution File, Format Version 12.00
# Visual Studio Version 17
VisualStudioVersion = 17.4.33205.214
MinimumVisualStudioVersion = 10.0.40219.1
Project("{9A19103F-16F7-4668-BE54-9A1E7A4F7556}") = "BlazorApp1.Server", "BlazorApp1\Server\BlazorApp1.Server.csproj", "{13F0DE2A-F8F0-4697-8150-FFF1538D0CFC}"
EndProject
Project("{9A19103F-16F7-4668-BE54-9A1E7A4F7556}") = "BlazorApp1.Client", "BlazorApp1\Client\BlazorApp1.Client.csproj", "{19D0D41A-4885-4ED5-9E7F-550935247392}"
EndProject
Project("{9A19103F-16F7-4668-BE54-9A1E7A4F7556}") = "BlazorApp1.Shared", "BlazorApp1\Shared\BlazorApp1.Shared.csproj", "{7D476182-F1BC-47BC-9F99-330BC9C2E603}"
EndProject
Global
	GlobalSection(SolutionConfigurationPlatforms) = preSolution
		Debug|Any CPU = Debug|Any CPU
		Release|Any CPU = Release|Any CPU
	EndGlobalSection
	GlobalSection(ProjectConfigurationPlatforms) = postSolution
		{13F0DE2A-F8F0-4697-8150-FFF1538D0CFC}.Debug|Any CPU.ActiveCfg = Debug|Any CPU
		{13F0DE2A-F8F0-4697-8150-FFF1538D0CFC}.Debug|Any CPU.Build.0 = Debug|Any CPU
		{13F0DE2A-F8F0-4697-8150-FFF1538D0CFC}.Release|Any CPU.ActiveCfg = Release|Any CPU
		{13F0DE2A-F8F0-4697-8150-FFF1538D0CFC}.Release|Any CPU.Build.0 = Release|Any CPU
		{19D0D41A-4885-4ED5-9E7F-550935247392}.Debug|Any CPU.ActiveCfg = Debug|Any CPU
		{19D0D41A-4885-4ED5-9E7F-550935247392}.Debug|Any CPU.Build.0 = Debug|Any CPU
		{19D0D41A-4885-4ED5-9E7F-550935247392}.Release|Any CPU.ActiveCfg = Release|Any CPU
		{19D0D41A-4885-4ED5-9E7F-550935247392}.Release|Any CPU.Build.0 = Release|Any CPU
		{7D476182-F1BC-47BC-9F99-330BC9C2E603}.Debug|Any CPU.ActiveCfg = Debug|Any CPU
		{7D476182-F1BC-47BC-9F99-330BC9C2E603}.Debug|Any CPU.Build.0 = Debug|Any CPU
		{7D476182-F1BC-47BC-9F99-330BC9C2E603}.Release|Any CPU.ActiveCfg = Release|Any CPU
		{7D476182-F1BC-47BC-9F99-330BC9C2E603}.Release|Any CPU.Build.0 = Release|Any CPU
	EndGlobalSection
	GlobalSection(SolutionProperties) = preSolution
		HideSolutionNode = FALSE
	EndGlobalSection
	GlobalSection(ExtensibilityGlobals) = postSolution
		SolutionGuid = {82A26745-3187-4F01-9891-F75862671CC3}
	EndGlobalSection
EndGlobal
